
Microsoft Visual Studio Solution File, Format Version 12.00
# Visual Studio 14
VisualStudioVersion = 14.0.25420.1
MinimumVisualStudioVersion = 10.0.40219.1
Project("{FAE04EC0-301F-11D3-BF4B-00C04F79EFBC}") = "kukacroviden", "kukacroviden\kukacroviden.csproj", "{FC1A3561-1B6F-4A96-8425-28B3C096C259}"
EndProject
Global
	GlobalSection(SolutionConfigurationPlatforms) = preSolution
		Debug|Any CPU = Debug|Any CPU
		Release|Any CPU = Release|Any CPU
	EndGlobalSection
	GlobalSection(ProjectConfigurationPlatforms) = postSolution
		{FC1A3561-1B6F-4A96-8425-28B3C096C259}.Debug|Any CPU.ActiveCfg = Debug|Any CPU
		{FC1A3561-1B6F-4A96-8425-28B3C096C259}.Debug|Any CPU.Build.0 = Debug|Any CPU
		{FC1A3561-1B6F-4A96-8425-28B3C096C259}.Release|Any CPU.ActiveCfg = Release|Any CPU
		{FC1A3561-1B6F-4A96-8425-28B3C096C259}.Release|Any CPU.Build.0 = Release|Any CPU
	EndGlobalSection
	GlobalSection(SolutionProperties) = preSolution
		HideSolutionNode = FALSE
	EndGlobalSection
EndGlobal
